{
  "name": "cronocodex",
  "lockfileVersion": 3,
  "requires": true,
  "packages": {
    "": {
      "name": "cronocodex",
      "workspaces": [
        "backend"
      ]
    },
    "backend": {
      "name": "cronocodex-backend",
      "version": "1.0.0",
      "license": "MIT"
    },
    "node_modules/cronocodex-backend": {
      "resolved": "backend",
      "link": true
    }
  }
}
